uuid: b4056918-fa8b-491a-ac73-2b3c815e5aef
langcode: en
status: true
dependencies:
  module:
    - block_visibility_groups
    - myusf_subnav_block
  theme:
    - bootstrap_barrio_subtheme
id: subnavblock
theme: bootstrap_barrio_subtheme
region: sidebar_first
weight: 0
provider: null
plugin: myusf_subnav_block
settings:
  id: myusf_subnav_block
  label: 'Subnav Block'
  provider: myusf_subnav_block
  label_display: visible
  hello_block_name: ''
visibility:
  condition_group:
    id: condition_group
    negate: false
    block_visibility_group: ''
    context_mapping: {  }
