uuid: a0e2ab73-250f-4e88-ac70-d9074c1c0b6e
langcode: en
status: false
dependencies:
  config:
    - views.view.quick_links
  module:
    - block_visibility_groups
    - views
  theme:
    - myusf
id: views_block__quick_links_block
theme: myusf
region: top_header
weight: 0
provider: null
plugin: 'views_block:quick_links-block'
settings:
  id: 'views_block:quick_links-block'
  label: ''
  provider: views
  label_display: '0'
  views_label: ''
  items_per_page: '10'
visibility:
  condition_group:
    id: condition_group
    negate: false
    block_visibility_group: ''
    context_mapping: {  }
