uuid: b16d3ab6-bab7-4f3a-b863-7ad75600f6dc
langcode: en
status: true
dependencies:
  module:
    - block_visibility_groups
    - cediploma
    - system
    - user
  theme:
    - myusf
id: cediplomalinkblock
theme: myusf
region: sidebar_second
weight: 95
provider: null
plugin: block_cediplomalinkblock
settings:
  id: block_cediplomalinkblock
  label: 'CeDiploma - Fall 2019 Grads Forward'
  provider: cediploma
  label_display: visible
visibility:
  condition_group:
    id: condition_group
    negate: false
    block_visibility_group: ''
    context_mapping: {  }
  request_path:
    id: request_path
    pages: "/dashboard\r\n/dashboard/*"
    negate: false
    context_mapping: {  }
  user_role:
    id: user_role
    roles:
      student: student
    negate: false
    context_mapping:
      user: '@user.current_user_context:current_user'
