uuid: e40f498c-a26f-4021-a1a2-698c1f3d13c2
langcode: en
status: true
dependencies:
  module:
    - block_visibility_groups
    - cediploma
    - system
    - user
  theme:
    - myusf
id: cediplomalinkblock
theme: myusf
region: sidebar_second
weight: 0
provider: null
plugin: block_cediplomalinkblock
settings:
  id: block_cediplomalinkblock
  label: 'CeDiploma Link Block'
  provider: cediploma
  label_display: visible
visibility:
  condition_group:
    id: condition_group
    negate: false
    block_visibility_group: ''
    context_mapping: {  }
  request_path:
    id: request_path
    pages: /dashboard
    negate: false
    context_mapping: {  }
  user_role:
    id: user_role
    roles:
      administrator: administrator
      student: student
      employee: employee
    negate: false
    context_mapping:
      user: '@user.current_user_context:current_user'
