uuid: 66d8ff1d-54bc-4a17-9f13-fdfa6663322a
langcode: en
status: true
dependencies:
  content:
    - 'block_content:custom_block:162d0b46-efdd-4e45-b261-5469e5be2ea1'
  module:
    - block_content
    - block_visibility_groups
    - system
  theme:
    - myusf
id: emergencyresourcescampusprotocolscustomblock
theme: myusf
region: sidebar_second
weight: 0
provider: null
plugin: 'block_content:162d0b46-efdd-4e45-b261-5469e5be2ea1'
settings:
  id: 'block_content:162d0b46-efdd-4e45-b261-5469e5be2ea1'
  label: 'Emergency Resources & Campus Protocols Custom Block'
  provider: block_content
  label_display: '0'
  status: true
  info: ''
  view_mode: full
visibility:
  condition_group:
    id: condition_group
    negate: false
    block_visibility_group: ''
    context_mapping: {  }
  request_path:
    id: request_path
    pages: "/emergency-resources-campus-protocols\r\n/emergency-resources-campus-protocols/*"
    negate: false
    context_mapping: {  }
