uuid: eeba47f5-8d7f-4f91-959c-6d524bbfdc4f
langcode: en
status: true
dependencies:
  content:
    - 'block_content:custom_block:603e8da8-b7ba-4d77-b311-b18c5accc31e'
  module:
    - block_content
    - block_visibility_groups
    - user
  theme:
    - myusf
id: artssciencesblock
theme: myusf
region: top_header
weight: 1
provider: null
plugin: 'block_content:603e8da8-b7ba-4d77-b311-b18c5accc31e'
settings:
  id: 'block_content:603e8da8-b7ba-4d77-b311-b18c5accc31e'
  label: 'Arts Sciences Block - Dashboard'
  label_display: visible
  provider: block_content
  status: true
  info: ''
  view_mode: full
visibility:
  condition_group:
    id: condition_group
    negate: false
    context_mapping: {  }
    block_visibility_group: ''
  user_role:
    id: user_role
    negate: false
    context_mapping:
      user: '@user.current_user_context:current_user'
    roles:
      as_ug: as_ug
