uuid: 32e70097-3859-4392-a212-6e3b03a33e7c
langcode: en
status: true
dependencies:
  content:
    - 'block_content:custom_block:cb79d071-0b90-46fb-a09e-c42af83bcc57'
  module:
    - block_content
    - block_visibility_groups
    - system
  theme:
    - myusf
id: universityeventsreschedulingblock
theme: myusf
region: content
weight: 2
provider: null
plugin: 'block_content:cb79d071-0b90-46fb-a09e-c42af83bcc57'
settings:
  id: 'block_content:cb79d071-0b90-46fb-a09e-c42af83bcc57'
  label: 'University Events Rescheduling Block'
  provider: block_content
  label_display: '0'
  status: true
  info: ''
  view_mode: full
visibility:
  condition_group:
    id: condition_group
    negate: false
    block_visibility_group: ''
    context_mapping: {  }
  request_path:
    id: request_path
    pages: /calendar
    negate: false
    context_mapping: {  }
