uuid: b8ec220b-d896-4703-a623-880b175ba6da
langcode: en
status: false
dependencies:
  content:
    - 'block_content:custom_block:fea03a02-3bc9-4f2c-af31-cd426d4b30de'
  module:
    - block_content
    - block_visibility_groups
    - system
    - user
  theme:
    - myusf
id: payyourdepositblock
theme: myusf
region: sidebar_second
weight: 479
provider: null
plugin: 'block_content:fea03a02-3bc9-4f2c-af31-cd426d4b30de'
settings:
  id: 'block_content:fea03a02-3bc9-4f2c-af31-cd426d4b30de'
  label: 'Pay Your Deposit Block'
  provider: block_content
  label_display: '0'
  status: true
  info: ''
  view_mode: full
visibility:
  condition_group:
    id: condition_group
    negate: false
    block_visibility_group: ''
    context_mapping: {  }
  request_path:
    id: request_path
    pages: /dashboard
    negate: false
    context_mapping: {  }
  user_role:
    id: user_role
    roles:
      student: student
      admitted_student: admitted_student
    negate: false
    context_mapping:
      user: '@user.current_user_context:current_user'
