uuid: 4359e5a2-486e-464d-ad4e-2cf9d01d3aff
langcode: en
status: true
dependencies:
  config:
    - views.view.favorite_links_quick_menu
  module:
    - views
  theme:
    - bootstrap_barrio_subtheme
id: views_block__favorite_links_quick_menu_quick_menu_block
theme: bootstrap_barrio_subtheme
region: top_header
weight: 0
provider: null
plugin: 'views_block:favorite_links_quick_menu-quick_menu_block'
settings:
  id: 'views_block:favorite_links_quick_menu-quick_menu_block'
  label: ''
  provider: views
  label_display: '0'
  views_label: ''
  items_per_page: none
visibility: {  }
