uuid: f0f82cd6-6622-422e-9e76-c6370b706498
langcode: en
status: true
dependencies:
  content:
    - 'block_content:custom_block:854164d8-a61b-4f52-a61e-848dbc74260f'
  module:
    - block_content
    - block_visibility_groups
    - system
  theme:
    - myusf
id: educationaltechnologiescustomblock
theme: myusf
region: sidebar_second
weight: 216
provider: null
plugin: 'block_content:854164d8-a61b-4f52-a61e-848dbc74260f'
settings:
  id: 'block_content:854164d8-a61b-4f52-a61e-848dbc74260f'
  label: 'ETS - Educational Technologies Custom Block'
  provider: block_content
  label_display: '0'
  status: true
  info: ''
  view_mode: full
visibility:
  condition_group:
    id: condition_group
    negate: false
    block_visibility_group: ''
    context_mapping: {  }
  request_path:
    id: request_path
    pages: '/ets/educational-technologies/*'
    negate: false
    context_mapping: {  }
