uuid: b16d3ab6-bab7-4f3a-b863-7ad75600f6dc
langcode: en
status: false
dependencies:
  module:
    - block_visibility_groups
    - cediploma
    - system
  theme:
    - myusf
id: cediplomalinkblock
theme: myusf
region: top_header
weight: 6
provider: null
plugin: block_cediplomalinkblock
settings:
  id: block_cediplomalinkblock
  label: 'CeDiploma - Fall 2019 Grads Forward'
  label_display: visible
  provider: cediploma
visibility:
  condition_group:
    id: condition_group
    negate: false
    context_mapping: {  }
    block_visibility_group: ''
  request_path:
    id: request_path
    negate: false
    context_mapping: {  }
    pages: "/dashboard\r\n/dashboard/*"
