uuid: bc4eaefc-39ad-4836-a3d2-2de04638060d
langcode: en
status: true
dependencies:
  content:
    - 'block_content:custom_block:75cc6f2d-872a-4304-9aaf-7e59b589c72c'
  module:
    - block_content
    - block_visibility_groups
    - system
  theme:
    - myusf
id: usfstageslivelinkblock
theme: myusf
region: sidebar_second
weight: 38
provider: null
plugin: 'block_content:75cc6f2d-872a-4304-9aaf-7e59b589c72c'
settings:
  id: 'block_content:75cc6f2d-872a-4304-9aaf-7e59b589c72c'
  label: 'USF STAGES LIVE Link Block'
  provider: block_content
  label_display: '0'
  status: true
  info: ''
  view_mode: full
visibility:
  condition_group:
    id: condition_group
    negate: false
    block_visibility_group: ''
    context_mapping: {  }
  request_path:
    id: request_path
    pages: "/usf-stages\r\n/usf-stages*\r\n/arts-sciences/performing-arts"
    negate: false
    context_mapping: {  }
