uuid: f8d9dca0-c6bf-4bba-9fdf-e5b98eb48276
langcode: en
status: true
dependencies:
  content:
    - 'block_content:custom_block:e3e13c4d-314a-4657-8595-6052dd6789a3'
  module:
    - block_content
    - block_visibility_groups
    - system
    - user
  theme:
    - myusf
id: dashboardusfmobileappcalloutblock
theme: myusf
region: sidebar_second
weight: 173
provider: null
plugin: 'block_content:e3e13c4d-314a-4657-8595-6052dd6789a3'
settings:
  id: 'block_content:e3e13c4d-314a-4657-8595-6052dd6789a3'
  label: 'Dashboard: USF Mobile App Callout Block'
  provider: block_content
  label_display: '0'
  status: true
  info: ''
  view_mode: full
visibility:
  condition_group:
    id: condition_group
    negate: false
    block_visibility_group: ''
    context_mapping: {  }
  request_path:
    id: request_path
    pages: /dashboard
    negate: false
    context_mapping: {  }
  user_role:
    id: user_role
    roles:
      student: student
      online_student: online_student
      admitted_student: admitted_student
      prehire_faculty: prehire_faculty
      prehire_staff: prehire_staff
      online_intaccept: online_intaccept
    negate: false
    context_mapping:
      user: '@user.current_user_context:current_user'
