uuid: ac08dd88-368d-4162-9a00-4c5b17a62eb5
langcode: en
status: true
dependencies:
  content:
    - 'block_content:test_custom_block:372b3b70-7776-4897-b51e-87840a4945f6'
  module:
    - block_content
    - block_visibility_groups
  theme:
    - myusf
id: secondtestblock
theme: myusf
region: sidebar_first
weight: 0
provider: null
plugin: 'block_content:372b3b70-7776-4897-b51e-87840a4945f6'
settings:
  id: 'block_content:372b3b70-7776-4897-b51e-87840a4945f6'
  label: 'Second Test Block'
  provider: block_content
  label_display: visible
  status: true
  info: ''
  view_mode: full
visibility:
  condition_group:
    id: condition_group
    negate: false
    block_visibility_group: ''
    context_mapping: {  }
