uuid: 8d3fc6e7-9a4b-4c57-8736-f1ff6d14b681
langcode: en
status: true
dependencies:
  content:
    - 'block_content:test_custom_block:92e6ed46-0025-4d12-87e6-fda0f189a048'
  module:
    - block_content
    - block_visibility_groups
  theme:
    - myusf
id: thirdcustomblock
theme: myusf
region: sidebar_first
weight: 0
provider: null
plugin: 'block_content:92e6ed46-0025-4d12-87e6-fda0f189a048'
settings:
  id: 'block_content:92e6ed46-0025-4d12-87e6-fda0f189a048'
  label: 'Third custom block'
  provider: block_content
  label_display: visible
  status: true
  info: ''
  view_mode: full
visibility:
  condition_group:
    id: condition_group
    negate: false
    block_visibility_group: ''
    context_mapping: {  }
