uuid: 24ca2843-d073-4515-9cb2-48cb307af89a
langcode: en
status: true
dependencies:
  content:
    - 'block_content:test_custom_block:38addcaf-d6df-4a8d-9192-f149a9ece8d3'
  module:
    - block_content
    - block_visibility_groups
  theme:
    - myusf
id: testingthetestblock
theme: myusf
region: sidebar_first
weight: 0
provider: null
plugin: 'block_content:38addcaf-d6df-4a8d-9192-f149a9ece8d3'
settings:
  id: 'block_content:38addcaf-d6df-4a8d-9192-f149a9ece8d3'
  label: 'Testing the test block'
  provider: block_content
  label_display: visible
  status: true
  info: ''
  view_mode: full
visibility:
  condition_group:
    id: condition_group
    negate: false
    block_visibility_group: ''
    context_mapping: {  }
